
Microsoft Visual Studio Solution File, Format Version 12.00
# Visual Studio 15
VisualStudioVersion = 15.0.28307.902
MinimumVisualStudioVersion = 10.0.40219.1
Project("{FAE04EC0-301F-11D3-BF4B-00C04F79EFBC}") = "Same_Symbols_Game", "Same_Symbols_Game\Same_Symbols_Game.csproj", "{50AAB791-0E2E-4995-AB33-865C06526426}"
EndProject
Global
	GlobalSection(SolutionConfigurationPlatforms) = preSolution
		Debug|Any CPU = Debug|Any CPU
		Release|Any CPU = Release|Any CPU
	EndGlobalSection
	GlobalSection(ProjectConfigurationPlatforms) = postSolution
		{50AAB791-0E2E-4995-AB33-865C06526426}.Debug|Any CPU.ActiveCfg = Debug|Any CPU
		{50AAB791-0E2E-4995-AB33-865C06526426}.Debug|Any CPU.Build.0 = Debug|Any CPU
		{50AAB791-0E2E-4995-AB33-865C06526426}.Release|Any CPU.ActiveCfg = Release|Any CPU
		{50AAB791-0E2E-4995-AB33-865C06526426}.Release|Any CPU.Build.0 = Release|Any CPU
	EndGlobalSection
	GlobalSection(SolutionProperties) = preSolution
		HideSolutionNode = FALSE
	EndGlobalSection
	GlobalSection(ExtensibilityGlobals) = postSolution
		SolutionGuid = {B749DE51-64AE-4B3A-96E9-0F55AF23242C}
	EndGlobalSection
EndGlobal
